
Microsoft Visual Studio Solution File, Format Version 12.00
# Visual Studio Version 17
VisualStudioVersion = 17.14.36301.6 d17.14
MinimumVisualStudioVersion = 10.0.40219.1
Project("{FAE04EC0-301F-11D3-BF4B-00C04F79EFBC}") = "Asteroids-Final game", "Asteroids-Final game.csproj", "{479A22DA-06E5-45F2-9548-B7544356D09F}"
EndProject
Global
	GlobalSection(SolutionConfigurationPlatforms) = preSolution
		Debug|Any CPU = Debug|Any CPU
		Release|Any CPU = Release|Any CPU
	EndGlobalSection
	GlobalSection(ProjectConfigurationPlatforms) = postSolution
		{479A22DA-06E5-45F2-9548-B7544356D09F}.Debug|Any CPU.ActiveCfg = Debug|Any CPU
		{479A22DA-06E5-45F2-9548-B7544356D09F}.Debug|Any CPU.Build.0 = Debug|Any CPU
		{479A22DA-06E5-45F2-9548-B7544356D09F}.Release|Any CPU.ActiveCfg = Release|Any CPU
		{479A22DA-06E5-45F2-9548-B7544356D09F}.Release|Any CPU.Build.0 = Release|Any CPU
	EndGlobalSection
	GlobalSection(SolutionProperties) = preSolution
		HideSolutionNode = FALSE
	EndGlobalSection
	GlobalSection(ExtensibilityGlobals) = postSolution
		SolutionGuid = {DEA3FE20-DE7F-4BD2-AF28-A4AF8E2F5851}
	EndGlobalSection
EndGlobal
